
Microsoft Visual Studio Solution File, Format Version 12.00
# Visual Studio Version 17
VisualStudioVersion = 17.10.34928.147
MinimumVisualStudioVersion = 10.0.40219.1
Project("{9A19103F-16F7-4668-BE54-9A1E7A4F7556}") = "WIFI.Buchandlung.Client", "WIFI.Buchandlung.Client\WIFI.Buchandlung.Client.csproj", "{FAFABFD2-4DE4-4707-AAE2-83EFC8AFC4B6}"
EndProject
Project("{9A19103F-16F7-4668-BE54-9A1E7A4F7556}") = "WIFI.Anwendung", "WIFI.Anwendung\WIFI.Anwendung.csproj", "{7203BDFA-5997-4B00-AA22-6AE55BC3F352}"
EndProject
Project("{9A19103F-16F7-4668-BE54-9A1E7A4F7556}") = "WIFI.Windows", "Wifi.Windows\WIFI.Windows.csproj", "{4CA7594E-DFC6-4B97-A1BC-0326D141B671}"
EndProject
Global
	GlobalSection(SolutionConfigurationPlatforms) = preSolution
		Debug|Any CPU = Debug|Any CPU
		Release|Any CPU = Release|Any CPU
	EndGlobalSection
	GlobalSection(ProjectConfigurationPlatforms) = postSolution
		{FAFABFD2-4DE4-4707-AAE2-83EFC8AFC4B6}.Debug|Any CPU.ActiveCfg = Debug|Any CPU
		{FAFABFD2-4DE4-4707-AAE2-83EFC8AFC4B6}.Debug|Any CPU.Build.0 = Debug|Any CPU
		{FAFABFD2-4DE4-4707-AAE2-83EFC8AFC4B6}.Release|Any CPU.ActiveCfg = Release|Any CPU
		{FAFABFD2-4DE4-4707-AAE2-83EFC8AFC4B6}.Release|Any CPU.Build.0 = Release|Any CPU
		{7203BDFA-5997-4B00-AA22-6AE55BC3F352}.Debug|Any CPU.ActiveCfg = Debug|Any CPU
		{7203BDFA-5997-4B00-AA22-6AE55BC3F352}.Debug|Any CPU.Build.0 = Debug|Any CPU
		{7203BDFA-5997-4B00-AA22-6AE55BC3F352}.Release|Any CPU.ActiveCfg = Release|Any CPU
		{7203BDFA-5997-4B00-AA22-6AE55BC3F352}.Release|Any CPU.Build.0 = Release|Any CPU
		{4CA7594E-DFC6-4B97-A1BC-0326D141B671}.Debug|Any CPU.ActiveCfg = Debug|Any CPU
		{4CA7594E-DFC6-4B97-A1BC-0326D141B671}.Debug|Any CPU.Build.0 = Debug|Any CPU
		{4CA7594E-DFC6-4B97-A1BC-0326D141B671}.Release|Any CPU.ActiveCfg = Release|Any CPU
		{4CA7594E-DFC6-4B97-A1BC-0326D141B671}.Release|Any CPU.Build.0 = Release|Any CPU
	EndGlobalSection
	GlobalSection(SolutionProperties) = preSolution
		HideSolutionNode = FALSE
	EndGlobalSection
	GlobalSection(ExtensibilityGlobals) = postSolution
		SolutionGuid = {AFB6FF8B-9FD1-449B-8C4B-12478C681828}
	EndGlobalSection
EndGlobal
